// !$*UTF8*$!
{
	archiveVersion = 1;
	classes = {
	};
	objectVersion = 46;
	objects = {

/* Begin PBXBuildFile section */
		F640EC1118F515CC00C7D8F2 /* Foundation.framework in Frameworks */ = {isa = PBXBuildFile; fileRef = F640EC1018F515CC00C7D8F2 /* Foundation.framework */; };
		F640EC1318F515CC00C7D8F2 /* CoreGraphics.framework in Frameworks */ = {isa = PBXBuildFile; fileRef = F640EC1218F515CC00C7D8F2 /* CoreGraphics.framework */; };
		F640EC1518F515CC00C7D8F2 /* UIKit.framework in Frameworks */ = {isa = PBXBuildFile; fileRef = F640EC1418F515CC00C7D8F2 /* UIKit.framework */; };
		F640EC1B18F515CC00C7D8F2 /* InfoPlist.strings in Resources */ = {isa = PBXBuildFile; fileRef = F640EC1918F515CC00C7D8F2 /* InfoPlist.strings */; };
		F640EC1D18F515CC00C7D8F2 /* main.m in Sources */ = {isa = PBXBuildFile; fileRef = F640EC1C18F515CC00C7D8F2 /* main.m */; };
		F640EC2118F515CC00C7D8F2 /* UMAppDelegate.m in Sources */ = {isa = PBXBuildFile; fileRef = F640EC2018F515CC00C7D8F2 /* UMAppDelegate.m */; };
		F640EC2418F515CC00C7D8F2 /* Main_iPhone.storyboard in Resources */ = {isa = PBXBuildFile; fileRef = F640EC2218F515CC00C7D8F2 /* Main_iPhone.storyboard */; };
		F640EC2718F515CC00C7D8F2 /* Main_iPad.storyboard in Resources */ = {isa = PBXBuildFile; fileRef = F640EC2518F515CC00C7D8F2 /* Main_iPad.storyboard */; };
		F640EC2A18F515CC00C7D8F2 /* UMViewController.m in Sources */ = {isa = PBXBuildFile; fileRef = F640EC2918F515CC00C7D8F2 /* UMViewController.m */; };
		F640EC2C18F515CC00C7D8F2 /* Images.xcassets in Resources */ = {isa = PBXBuildFile; fileRef = F640EC2B18F515CC00C7D8F2 /* Images.xcassets */; };
		F640EC3318F515CC00C7D8F2 /* XCTest.framework in Frameworks */ = {isa = PBXBuildFile; fileRef = F640EC3218F515CC00C7D8F2 /* XCTest.framework */; };
		F640EC3418F515CC00C7D8F2 /* Foundation.framework in Frameworks */ = {isa = PBXBuildFile; fileRef = F640EC1018F515CC00C7D8F2 /* Foundation.framework */; };
		F640EC3518F515CC00C7D8F2 /* UIKit.framework in Frameworks */ = {isa = PBXBuildFile; fileRef = F640EC1418F515CC00C7D8F2 /* UIKit.framework */; };
		F640EC3D18F515CC00C7D8F2 /* InfoPlist.strings in Resources */ = {isa = PBXBuildFile; fileRef = F640EC3B18F515CC00C7D8F2 /* InfoPlist.strings */; };
		F640EC3F18F515CC00C7D8F2 /* UMDropDownTestTests.m in Sources */ = {isa = PBXBuildFile; fileRef = F640EC3E18F515CC00C7D8F2 /* UMDropDownTestTests.m */; };
		F6A2B8F918F5174600CE0378 /* UMDropDown.m in Sources */ = {isa = PBXBuildFile; fileRef = F6A2B8F418F5174600CE0378 /* UMDropDown.m */; };
		F6A2B8FA18F5174600CE0378 /* UMDropDownContentViewController.m in Sources */ = {isa = PBXBuildFile; fileRef = F6A2B8F618F5174600CE0378 /* UMDropDownContentViewController.m */; };
		F6A2B8FB18F5174600CE0378 /* UMDropDownOption.m in Sources */ = {isa = PBXBuildFile; fileRef = F6A2B8F818F5174600CE0378 /* UMDropDownOption.m */; };
		F6A2B8FD18F51FDB00CE0378 /* Umobi@2x.png in Resources */ = {isa = PBXBuildFile; fileRef = F6A2B8FC18F51FDB00CE0378 /* Umobi@2x.png */; };
/* End PBXBuildFile section */

/* Begin PBXContainerItemProxy section */
		F640EC3618F515CC00C7D8F2 /* PBXContainerItemProxy */ = {
			isa = PBXContainerItemProxy;
			containerPortal = F640EC0518F515CC00C7D8F2 /* Project object */;
			proxyType = 1;
			remoteGlobalIDString = F640EC0C18F515CC00C7D8F2;
			remoteInfo = UMDropDownTest;
		};
/* End PBXContainerItemProxy section */

/* Begin PBXFileReference section */
		F640EC0D18F515CC00C7D8F2 /* UMDropDownTest.app */ = {isa = PBXFileReference; explicitFileType = wrapper.application; includeInIndex = 0; path = UMDropDownTest.app; sourceTree = BUILT_PRODUCTS_DIR; };
		F640EC1018F515CC00C7D8F2 /* Foundation.framework */ = {isa = PBXFileReference; lastKnownFileType = wrapper.framework; name = Foundation.framework; path = System/Library/Frameworks/Foundation.framework; sourceTree = SDKROOT; };
		F640EC1218F515CC00C7D8F2 /* CoreGraphics.framework */ = {isa = PBXFileReference; lastKnownFileType = wrapper.framework; name = CoreGraphics.framework; path = System/Library/Frameworks/CoreGraphics.framework; sourceTree = SDKROOT; };
		F640EC1418F515CC00C7D8F2 /* UIKit.framework */ = {isa = PBXFileReference; lastKnownFileType = wrapper.framework; name = UIKit.framework; path = System/Library/Frameworks/UIKit.framework; sourceTree = SDKROOT; };
		F640EC1818F515CC00C7D8F2 /* UMDropDownTest-Info.plist */ = {isa = PBXFileReference; lastKnownFileType = text.plist.xml; path = "UMDropDownTest-Info.plist"; sourceTree = "<group>"; };
		F640EC1A18F515CC00C7D8F2 /* en */ = {isa = PBXFileReference; lastKnownFileType = text.plist.strings; name = en; path = en.lproj/InfoPlist.strings; sourceTree = "<group>"; };
		F640EC1C18F515CC00C7D8F2 /* main.m */ = {isa = PBXFileReference; lastKnownFileType = sourcecode.c.objc; path = main.m; sourceTree = "<group>"; };
		F640EC1E18F515CC00C7D8F2 /* UMDropDownTest-Prefix.pch */ = {isa = PBXFileReference; lastKnownFileType = sourcecode.c.h; path = "UMDropDownTest-Prefix.pch"; sourceTree = "<group>"; };
		F640EC1F18F515CC00C7D8F2 /* UMAppDelegate.h */ = {isa = PBXFileReference; lastKnownFileType = sourcecode.c.h; path = UMAppDelegate.h; sourceTree = "<group>"; };
		F640EC2018F515CC00C7D8F2 /* UMAppDelegate.m */ = {isa = PBXFileReference; lastKnownFileType = sourcecode.c.objc; path = UMAppDelegate.m; sourceTree = "<group>"; };
		F640EC2318F515CC00C7D8F2 /* Base */ = {isa = PBXFileReference; lastKnownFileType = file.storyboard; name = Base; path = Base.lproj/Main_iPhone.storyboard; sourceTree = "<group>"; };
		F640EC2618F515CC00C7D8F2 /* Base */ = {isa = PBXFileReference; lastKnownFileType = file.storyboard; name = Base; path = Base.lproj/Main_iPad.storyboard; sourceTree = "<group>"; };
		F640EC2818F515CC00C7D8F2 /* UMViewController.h */ = {isa = PBXFileReference; lastKnownFileType = sourcecode.c.h; path = UMViewController.h; sourceTree = "<group>"; };
		F640EC2918F515CC00C7D8F2 /* UMViewController.m */ = {isa = PBXFileReference; lastKnownFileType = sourcecode.c.objc; path = UMViewController.m; sourceTree = "<group>"; };
		F640EC2B18F515CC00C7D8F2 /* Images.xcassets */ = {isa = PBXFileReference; lastKnownFileType = folder.assetcatalog; path = Images.xcassets; sourceTree = "<group>"; };
		F640EC3118F515CC00C7D8F2 /* UMDropDownTestTests.xctest */ = {isa = PBXFileReference; explicitFileType = wrapper.cfbundle; includeInIndex = 0; path = UMDropDownTestTests.xctest; sourceTree = BUILT_PRODUCTS_DIR; };
		F640EC3218F515CC00C7D8F2 /* XCTest.framework */ = {isa = PBXFileReference; lastKnownFileType = wrapper.framework; name = XCTest.framework; path = Library/Frameworks/XCTest.framework; sourceTree = DEVELOPER_DIR; };
		F640EC3A18F515CC00C7D8F2 /* UMDropDownTestTests-Info.plist */ = {isa = PBXFileReference; lastKnownFileType = text.plist.xml; path = "UMDropDownTestTests-Info.plist"; sourceTree = "<group>"; };
		F640EC3C18F515CC00C7D8F2 /* en */ = {isa = PBXFileReference; lastKnownFileType = text.plist.strings; name = en; path = en.lproj/InfoPlist.strings; sourceTree = "<group>"; };
		F640EC3E18F515CC00C7D8F2 /* UMDropDownTestTests.m */ = {isa = PBXFileReference; lastKnownFileType = sourcecode.c.objc; path = UMDropDownTestTests.m; sourceTree = "<group>"; };
		F6A2B8F318F5174600CE0378 /* UMDropDown.h */ = {isa = PBXFileReference; fileEncoding = 4; lastKnownFileType = sourcecode.c.h; path = UMDropDown.h; sourceTree = "<group>"; };
		F6A2B8F418F5174600CE0378 /* UMDropDown.m */ = {isa = PBXFileReference; fileEncoding = 4; lastKnownFileType = sourcecode.c.objc; path = UMDropDown.m; sourceTree = "<group>"; };
		F6A2B8F518F5174600CE0378 /* UMDropDownContentViewController.h */ = {isa = PBXFileReference; fileEncoding = 4; lastKnownFileType = sourcecode.c.h; path = UMDropDownContentViewController.h; sourceTree = "<group>"; };
		F6A2B8F618F5174600CE0378 /* UMDropDownContentViewController.m */ = {isa = PBXFileReference; fileEncoding = 4; lastKnownFileType = sourcecode.c.objc; path = UMDropDownContentViewController.m; sourceTree = "<group>"; };
		F6A2B8F718F5174600CE0378 /* UMDropDownOption.h */ = {isa = PBXFileReference; fileEncoding = 4; lastKnownFileType = sourcecode.c.h; path = UMDropDownOption.h; sourceTree = "<group>"; };
		F6A2B8F818F5174600CE0378 /* UMDropDownOption.m */ = {isa = PBXFileReference; fileEncoding = 4; lastKnownFileType = sourcecode.c.objc; path = UMDropDownOption.m; sourceTree = "<group>"; };
		F6A2B8FC18F51FDB00CE0378 /* Umobi@2x.png */ = {isa = PBXFileReference; lastKnownFileType = image.png; path = "Umobi@2x.png"; sourceTree = "<group>"; };
/* End PBXFileReference section */

/* Begin PBXFrameworksBuildPhase section */
		F640EC0A18F515CC00C7D8F2 /* Frameworks */ = {
			isa = PBXFrameworksBuildPhase;
			buildActionMask = 2147483647;
			files = (
				F640EC1318F515CC00C7D8F2 /* CoreGraphics.framework in Frameworks */,
				F640EC1518F515CC00C7D8F2 /* UIKit.framework in Frameworks */,
				F640EC1118F515CC00C7D8F2 /* Foundation.framework in Frameworks */,
			);
			runOnlyForDeploymentPostprocessing = 0;
		};
		F640EC2E18F515CC00C7D8F2 /* Frameworks */ = {
			isa = PBXFrameworksBuildPhase;
			buildActionMask = 2147483647;
			files = (
				F640EC3318F515CC00C7D8F2 /* XCTest.framework in Frameworks */,
				F640EC3518F515CC00C7D8F2 /* UIKit.framework in Frameworks */,
				F640EC3418F515CC00C7D8F2 /* Foundation.framework in Frameworks */,
			);
			runOnlyForDeploymentPostprocessing = 0;
		};
/* End PBXFrameworksBuildPhase section */

/* Begin PBXGroup section */
		F640EC0418F515CC00C7D8F2 = {
			isa = PBXGroup;
			children = (
				F640EC1618F515CC00C7D8F2 /* UMDropDownTest */,
				F640EC3818F515CC00C7D8F2 /* UMDropDownTestTests */,
				F640EC0F18F515CC00C7D8F2 /* Frameworks */,
				F640EC0E18F515CC00C7D8F2 /* Products */,
			);
			sourceTree = "<group>";
		};
		F640EC0E18F515CC00C7D8F2 /* Products */ = {
			isa = PBXGroup;
			children = (
				F640EC0D18F515CC00C7D8F2 /* UMDropDownTest.app */,
				F640EC3118F515CC00C7D8F2 /* UMDropDownTestTests.xctest */,
			);
			name = Products;
			sourceTree = "<group>";
		};
		F640EC0F18F515CC00C7D8F2 /* Frameworks */ = {
			isa = PBXGroup;
			children = (
				F640EC1018F515CC00C7D8F2 /* Foundation.framework */,
				F640EC1218F515CC00C7D8F2 /* CoreGraphics.framework */,
				F640EC1418F515CC00C7D8F2 /* UIKit.framework */,
				F640EC3218F515CC00C7D8F2 /* XCTest.framework */,
			);
			name = Frameworks;
			sourceTree = "<group>";
		};
		F640EC1618F515CC00C7D8F2 /* UMDropDownTest */ = {
			isa = PBXGroup;
			children = (
				F6A2B8FC18F51FDB00CE0378 /* Umobi@2x.png */,
				F6A2B8F218F5174600CE0378 /* UMDropDown */,
				F640EC1F18F515CC00C7D8F2 /* UMAppDelegate.h */,
				F640EC2018F515CC00C7D8F2 /* UMAppDelegate.m */,
				F640EC2218F515CC00C7D8F2 /* Main_iPhone.storyboard */,
				F640EC2518F515CC00C7D8F2 /* Main_iPad.storyboard */,
				F640EC2818F515CC00C7D8F2 /* UMViewController.h */,
				F640EC2918F515CC00C7D8F2 /* UMViewController.m */,
				F640EC2B18F515CC00C7D8F2 /* Images.xcassets */,
				F640EC1718F515CC00C7D8F2 /* Supporting Files */,
			);
			path = UMDropDownTest;
			sourceTree = "<group>";
		};
		F640EC1718F515CC00C7D8F2 /* Supporting Files */ = {
			isa = PBXGroup;
			children = (
				F640EC1818F515CC00C7D8F2 /* UMDropDownTest-Info.plist */,
				F640EC1918F515CC00C7D8F2 /* InfoPlist.strings */,
				F640EC1C18F515CC00C7D8F2 /* main.m */,
				F640EC1E18F515CC00C7D8F2 /* UMDropDownTest-Prefix.pch */,
			);
			name = "Supporting Files";
			sourceTree = "<group>";
		};
		F640EC3818F515CC00C7D8F2 /* UMDropDownTestTests */ = {
			isa = PBXGroup;
			children = (
				F640EC3E18F515CC00C7D8F2 /* UMDropDownTestTests.m */,
				F640EC3918F515CC00C7D8F2 /* Supporting Files */,
			);
			path = UMDropDownTestTests;
			sourceTree = "<group>";
		};
		F640EC3918F515CC00C7D8F2 /* Supporting Files */ = {
			isa = PBXGroup;
			children = (
				F640EC3A18F515CC00C7D8F2 /* UMDropDownTestTests-Info.plist */,
				F640EC3B18F515CC00C7D8F2 /* InfoPlist.strings */,
			);
			name = "Supporting Files";
			sourceTree = "<group>";
		};
		F6A2B8F218F5174600CE0378 /* UMDropDown */ = {
			isa = PBXGroup;
			children = (
				F6A2B8F318F5174600CE0378 /* UMDropDown.h */,
				F6A2B8F418F5174600CE0378 /* UMDropDown.m */,
				F6A2B8F518F5174600CE0378 /* UMDropDownContentViewController.h */,
				F6A2B8F618F5174600CE0378 /* UMDropDownContentViewController.m */,
				F6A2B8F718F5174600CE0378 /* UMDropDownOption.h */,
				F6A2B8F818F5174600CE0378 /* UMDropDownOption.m */,
			);
			name = UMDropDown;
			path = ../../UMDropDown;
			sourceTree = "<group>";
		};
/* End PBXGroup section */

/* Begin PBXNativeTarget section */
		F640EC0C18F515CC00C7D8F2 /* UMDropDownTest */ = {
			isa = PBXNativeTarget;
			buildConfigurationList = F640EC4218F515CC00C7D8F2 /* Build configuration list for PBXNativeTarget "UMDropDownTest" */;
			buildPhases = (
				F640EC0918F515CC00C7D8F2 /* Sources */,
				F640EC0A18F515CC00C7D8F2 /* Frameworks */,
				F640EC0B18F515CC00C7D8F2 /* Resources */,
			);
			buildRules = (
			);
			dependencies = (
			);
			name = UMDropDownTest;
			productName = UMDropDownTest;
			productReference = F640EC0D18F515CC00C7D8F2 /* UMDropDownTest.app */;
			productType = "com.apple.product-type.application";
		};
		F640EC3018F515CC00C7D8F2 /* UMDropDownTestTests */ = {
			isa = PBXNativeTarget;
			buildConfigurationList = F640EC4518F515CC00C7D8F2 /* Build configuration list for PBXNativeTarget "UMDropDownTestTests" */;
			buildPhases = (
				F640EC2D18F515CC00C7D8F2 /* Sources */,
				F640EC2E18F515CC00C7D8F2 /* Frameworks */,
				F640EC2F18F515CC00C7D8F2 /* Resources */,
			);
			buildRules = (
			);
			dependencies = (
				F640EC3718F515CC00C7D8F2 /* PBXTargetDependency */,
			);
			name = UMDropDownTestTests;
			productName = UMDropDownTestTests;
			productReference = F640EC3118F515CC00C7D8F2 /* UMDropDownTestTests.xctest */;
			productType = "com.apple.product-type.bundle.unit-test";
		};
/* End PBXNativeTarget section */

/* Begin PBXProject section */
		F640EC0518F515CC00C7D8F2 /* Project object */ = {
			isa = PBXProject;
			attributes = {
				CLASSPREFIX = UM;
				LastUpgradeCheck = 0510;
				ORGANIZATIONNAME = Umobi;
				TargetAttributes = {
					F640EC3018F515CC00C7D8F2 = {
						TestTargetID = F640EC0C18F515CC00C7D8F2;
					};
				};
			};
			buildConfigurationList = F640EC0818F515CC00C7D8F2 /* Build configuration list for PBXProject "UMDropDownTest" */;
			compatibilityVersion = "Xcode 3.2";
			developmentRegion = English;
			hasScannedForEncodings = 0;
			knownRegions = (
				en,
				Base,
			);
			mainGroup = F640EC0418F515CC00C7D8F2;
			productRefGroup = F640EC0E18F515CC00C7D8F2 /* Products */;
			projectDirPath = "";
			projectRoot = "";
			targets = (
				F640EC0C18F515CC00C7D8F2 /* UMDropDownTest */,
				F640EC3018F515CC00C7D8F2 /* UMDropDownTestTests */,
			);
		};
/* End PBXProject section */

/* Begin PBXResourcesBuildPhase section */
		F640EC0B18F515CC00C7D8F2 /* Resources */ = {
			isa = PBXResourcesBuildPhase;
			buildActionMask = 2147483647;
			files = (
				F640EC2718F515CC00C7D8F2 /* Main_iPad.storyboard in Resources */,
				F640EC2C18F515CC00C7D8F2 /* Images.xcassets in Resources */,
				F6A2B8FD18F51FDB00CE0378 /* Umobi@2x.png in Resources */,
				F640EC2418F515CC00C7D8F2 /* Main_iPhone.storyboard in Resources */,
				F640EC1B18F515CC00C7D8F2 /* InfoPlist.strings in Resources */,
			);
			runOnlyForDeploymentPostprocessing = 0;
		};
		F640EC2F18F515CC00C7D8F2 /* Resources */ = {
			isa = PBXResourcesBuildPhase;
			buildActionMask = 2147483647;
			files = (
				F640EC3D18F515CC00C7D8F2 /* InfoPlist.strings in Resources */,
			);
			runOnlyForDeploymentPostprocessing = 0;
		};
/* End PBXResourcesBuildPhase section */

/* Begin PBXSourcesBuildPhase section */
		F640EC0918F515CC00C7D8F2 /* Sources */ = {
			isa = PBXSourcesBuildPhase;
			buildActionMask = 2147483647;
			files = (
				F640EC2118F515CC00C7D8F2 /* UMAppDelegate.m in Sources */,
				F6A2B8FB18F5174600CE0378 /* UMDropDownOption.m in Sources */,
				F640EC1D18F515CC00C7D8F2 /* main.m in Sources */,
				F6A2B8F918F5174600CE0378 /* UMDropDown.m in Sources */,
				F6A2B8FA18F5174600CE0378 /* UMDropDownContentViewController.m in Sources */,
				F640EC2A18F515CC00C7D8F2 /* UMViewController.m in Sources */,
			);
			runOnlyForDeploymentPostprocessing = 0;
		};
		F640EC2D18F515CC00C7D8F2 /* Sources */ = {
			isa = PBXSourcesBuildPhase;
			buildActionMask = 2147483647;
			files = (
				F640EC3F18F515CC00C7D8F2 /* UMDropDownTestTests.m in Sources */,
			);
			runOnlyForDeploymentPostprocessing = 0;
		};
/* End PBXSourcesBuildPhase section */

/* Begin PBXTargetDependency section */
		F640EC3718F515CC00C7D8F2 /* PBXTargetDependency */ = {
			isa = PBXTargetDependency;
			target = F640EC0C18F515CC00C7D8F2 /* UMDropDownTest */;
			targetProxy = F640EC3618F515CC00C7D8F2 /* PBXContainerItemProxy */;
		};
/* End PBXTargetDependency section */

/* Begin PBXVariantGroup section */
		F640EC1918F515CC00C7D8F2 /* InfoPlist.strings */ = {
			isa = PBXVariantGroup;
			children = (
				F640EC1A18F515CC00C7D8F2 /* en */,
			);
			name = InfoPlist.strings;
			sourceTree = "<group>";
		};
		F640EC2218F515CC00C7D8F2 /* Main_iPhone.storyboard */ = {
			isa = PBXVariantGroup;
			children = (
				F640EC2318F515CC00C7D8F2 /* Base */,
			);
			name = Main_iPhone.storyboard;
			sourceTree = "<group>";
		};
		F640EC2518F515CC00C7D8F2 /* Main_iPad.storyboard */ = {
			isa = PBXVariantGroup;
			children = (
				F640EC2618F515CC00C7D8F2 /* Base */,
			);
			name = Main_iPad.storyboard;
			sourceTree = "<group>";
		};
		F640EC3B18F515CC00C7D8F2 /* InfoPlist.strings */ = {
			isa = PBXVariantGroup;
			children = (
				F640EC3C18F515CC00C7D8F2 /* en */,
			);
			name = InfoPlist.strings;
			sourceTree = "<group>";
		};
/* End PBXVariantGroup section */

/* Begin XCBuildConfiguration section */
		F640EC4018F515CC00C7D8F2 /* Debug */ = {
			isa = XCBuildConfiguration;
			buildSettings = {
				ALWAYS_SEARCH_USER_PATHS = NO;
				CLANG_CXX_LANGUAGE_STANDARD = "gnu++0x";
				CLANG_CXX_LIBRARY = "libc++";
				CLANG_ENABLE_MODULES = YES;
				CLANG_ENABLE_OBJC_ARC = YES;
				CLANG_WARN_BOOL_CONVERSION = YES;
				CLANG_WARN_CONSTANT_CONVERSION = YES;
				CLANG_WARN_DIRECT_OBJC_ISA_USAGE = YES_ERROR;
				CLANG_WARN_EMPTY_BODY = YES;
				CLANG_WARN_ENUM_CONVERSION = YES;
				CLANG_WARN_INT_CONVERSION = YES;
				CLANG_WARN_OBJC_ROOT_CLASS = YES_ERROR;
				CLANG_WARN__DUPLICATE_METHOD_MATCH = YES;
				"CODE_SIGN_IDENTITY[sdk=iphoneos*]" = "iPhone Developer";
				COPY_PHASE_STRIP = NO;
				GCC_C_LANGUAGE_STANDARD = gnu99;
				GCC_DYNAMIC_NO_PIC = NO;
				GCC_OPTIMIZATION_LEVEL = 0;
				GCC_PREPROCESSOR_DEFINITIONS = (
					"DEBUG=1",
					"$(inherited)",
				);
				GCC_SYMBOLS_PRIVATE_EXTERN = NO;
				GCC_WARN_64_TO_32_BIT_CONVERSION = YES;
				GCC_WARN_ABOUT_RETURN_TYPE = YES_ERROR;
				GCC_WARN_UNDECLARED_SELECTOR = YES;
				GCC_WARN_UNINITIALIZED_AUTOS = YES_AGGRESSIVE;
				GCC_WARN_UNUSED_FUNCTION = YES;
				GCC_WARN_UNUSED_VARIABLE = YES;
				IPHONEOS_DEPLOYMENT_TARGET = 7.1;
				ONLY_ACTIVE_ARCH = YES;
				SDKROOT = iphoneos;
				TARGETED_DEVICE_FAMILY = "1,2";
			};
			name = Debug;
		};
		F640EC4118F515CC00C7D8F2 /* Release */ = {
			isa = XCBuildConfiguration;
			buildSettings = {
				ALWAYS_SEARCH_USER_PATHS = NO;
				CLANG_CXX_LANGUAGE_STANDARD = "gnu++0x";
				CLANG_CXX_LIBRARY = "libc++";
				CLANG_ENABLE_MODULES = YES;
				CLANG_ENABLE_OBJC_ARC = YES;
				CLANG_WARN_BOOL_CONVERSION = YES;
				CLANG_WARN_CONSTANT_CONVERSION = YES;
				CLANG_WARN_DIRECT_OBJC_ISA_USAGE = YES_ERROR;
				CLANG_WARN_EMPTY_BODY = YES;
				CLANG_WARN_ENUM_CONVERSION = YES;
				CLANG_WARN_INT_CONVERSION = YES;
				CLANG_WARN_OBJC_ROOT_CLASS = YES_ERROR;
				CLANG_WARN__DUPLICATE_METHOD_MATCH = YES;
				"CODE_SIGN_IDENTITY[sdk=iphoneos*]" = "iPhone Developer";
				COPY_PHASE_STRIP = YES;
				ENABLE_NS_ASSERTIONS = NO;
				GCC_C_LANGUAGE_STANDARD = gnu99;
				GCC_WARN_64_TO_32_BIT_CONVERSION = YES;
				GCC_WARN_ABOUT_RETURN_TYPE = YES_ERROR;
				GCC_WARN_UNDECLARED_SELECTOR = YES;
				GCC_WARN_UNINITIALIZED_AUTOS = YES_AGGRESSIVE;
				GCC_WARN_UNUSED_FUNCTION = YES;
				GCC_WARN_UNUSED_VARIABLE = YES;
				IPHONEOS_DEPLOYMENT_TARGET = 7.1;
				SDKROOT = iphoneos;
				TARGETED_DEVICE_FAMILY = "1,2";
				VALIDATE_PRODUCT = YES;
			};
			name = Release;
		};
		F640EC4318F515CC00C7D8F2 /* Debug */ = {
			isa = XCBuildConfiguration;
			buildSettings = {
				ASSETCATALOG_COMPILER_APPICON_NAME = AppIcon;
				ASSETCATALOG_COMPILER_LAUNCHIMAGE_NAME = LaunchImage;
				GCC_PRECOMPILE_PREFIX_HEADER = YES;
				GCC_PREFIX_HEADER = "UMDropDownTest/UMDropDownTest-Prefix.pch";
				INFOPLIST_FILE = "UMDropDownTest/UMDropDownTest-Info.plist";
				PRODUCT_NAME = "$(TARGET_NAME)";
				WRAPPER_EXTENSION = app;
			};
			name = Debug;
		};
		F640EC4418F515CC00C7D8F2 /* Release */ = {
			isa = XCBuildConfiguration;
			buildSettings = {
				ASSETCATALOG_COMPILER_APPICON_NAME = AppIcon;
				ASSETCATALOG_COMPILER_LAUNCHIMAGE_NAME = LaunchImage;
				GCC_PRECOMPILE_PREFIX_HEADER = YES;
				GCC_PREFIX_HEADER = "UMDropDownTest/UMDropDownTest-Prefix.pch";
				INFOPLIST_FILE = "UMDropDownTest/UMDropDownTest-Info.plist";
				PRODUCT_NAME = "$(TARGET_NAME)";
				WRAPPER_EXTENSION = app;
			};
			name = Release;
		};
		F640EC4618F515CC00C7D8F2 /* Debug */ = {
			isa = XCBuildConfiguration;
			buildSettings = {
				BUNDLE_LOADER = "$(BUILT_PRODUCTS_DIR)/UMDropDownTest.app/UMDropDownTest";
				FRAMEWORK_SEARCH_PATHS = (
					"$(SDKROOT)/Developer/Library/Frameworks",
					"$(inherited)",
					"$(DEVELOPER_FRAMEWORKS_DIR)",
				);
				GCC_PRECOMPILE_PREFIX_HEADER = YES;
				GCC_PREFIX_HEADER = "UMDropDownTest/UMDropDownTest-Prefix.pch";
				GCC_PREPROCESSOR_DEFINITIONS = (
					"DEBUG=1",
					"$(inherited)",
				);
				INFOPLIST_FILE = "UMDropDownTestTests/UMDropDownTestTests-Info.plist";
				PRODUCT_NAME = "$(TARGET_NAME)";
				TEST_HOST = "$(BUNDLE_LOADER)";
				WRAPPER_EXTENSION = xctest;
			};
			name = Debug;
		};
		F640EC4718F515CC00C7D8F2 /* Release */ = {
			isa = XCBuildConfiguration;
			buildSettings = {
				BUNDLE_LOADER = "$(BUILT_PRODUCTS_DIR)/UMDropDownTest.app/UMDropDownTest";
				FRAMEWORK_SEARCH_PATHS = (
					"$(SDKROOT)/Developer/Library/Frameworks",
					"$(inherited)",
					"$(DEVELOPER_FRAMEWORKS_DIR)",
				);
				GCC_PRECOMPILE_PREFIX_HEADER = YES;
				GCC_PREFIX_HEADER = "UMDropDownTest/UMDropDownTest-Prefix.pch";
				INFOPLIST_FILE = "UMDropDownTestTests/UMDropDownTestTests-Info.plist";
				PRODUCT_NAME = "$(TARGET_NAME)";
				TEST_HOST = "$(BUNDLE_LOADER)";
				WRAPPER_EXTENSION = xctest;
			};
			name = Release;
		};
/* End XCBuildConfiguration section */

/* Begin XCConfigurationList section */
		F640EC0818F515CC00C7D8F2 /* Build configuration list for PBXProject "UMDropDownTest" */ = {
			isa = XCConfigurationList;
			buildConfigurations = (
				F640EC4018F515CC00C7D8F2 /* Debug */,
				F640EC4118F515CC00C7D8F2 /* Release */,
			);
			defaultConfigurationIsVisible = 0;
			defaultConfigurationName = Release;
		};
		F640EC4218F515CC00C7D8F2 /* Build configuration list for PBXNativeTarget "UMDropDownTest" */ = {
			isa = XCConfigurationList;
			buildConfigurations = (
				F640EC4318F515CC00C7D8F2 /* Debug */,
				F640EC4418F515CC00C7D8F2 /* Release */,
			);
			defaultConfigurationIsVisible = 0;
			defaultConfigurationName = Release;
		};
		F640EC4518F515CC00C7D8F2 /* Build configuration list for PBXNativeTarget "UMDropDownTestTests" */ = {
			isa = XCConfigurationList;
			buildConfigurations = (
				F640EC4618F515CC00C7D8F2 /* Debug */,
				F640EC4718F515CC00C7D8F2 /* Release */,
			);
			defaultConfigurationIsVisible = 0;
			defaultConfigurationName = Release;
		};
/* End XCConfigurationList section */
	};
	rootObject = F640EC0518F515CC00C7D8F2 /* Project object */;
}
